
Microsoft Visual Studio Solution File, Format Version 12.00
# Visual Studio Version 17
VisualStudioVersion = 17.2.32516.85
MinimumVisualStudioVersion = 10.0.40219.1
Project("{9A19103F-16F7-4668-BE54-9A1E7A4F7556}") = "MvcAppTest", "MvcAppTest\MvcAppTest.csproj", "{BF1DE0D8-CDB6-4A95-9572-2D8E2B978CD0}"
EndProject
Project("{FAE04EC0-301F-11D3-BF4B-00C04F79EFBC}") = "MvcAppTests.IntegrationTests", "MvcAppTests.IntegrationTests\MvcAppTests.IntegrationTests.csproj", "{BB36BCBA-5406-47FB-BB31-CBB86F8303D8}"
EndProject
Project("{FAE04EC0-301F-11D3-BF4B-00C04F79EFBC}") = "MvcAppTests.UnitTests", "MvcAppTests.UnitTests\MvcAppTests.UnitTests.csproj", "{C149C138-81A4-48DB-88AD-94B0A2483DE4}"
EndProject
Global
	GlobalSection(SolutionConfigurationPlatforms) = preSolution
		Debug|Any CPU = Debug|Any CPU
		Release|Any CPU = Release|Any CPU
	EndGlobalSection
	GlobalSection(ProjectConfigurationPlatforms) = postSolution
		{BF1DE0D8-CDB6-4A95-9572-2D8E2B978CD0}.Debug|Any CPU.ActiveCfg = Debug|Any CPU
		{BF1DE0D8-CDB6-4A95-9572-2D8E2B978CD0}.Debug|Any CPU.Build.0 = Debug|Any CPU
		{BF1DE0D8-CDB6-4A95-9572-2D8E2B978CD0}.Release|Any CPU.ActiveCfg = Release|Any CPU
		{BF1DE0D8-CDB6-4A95-9572-2D8E2B978CD0}.Release|Any CPU.Build.0 = Release|Any CPU
		{A8E2C93F-96E3-496B-BB73-599E16781B92}.Debug|Any CPU.ActiveCfg = Debug|Any CPU
		{A8E2C93F-96E3-496B-BB73-599E16781B92}.Debug|Any CPU.Build.0 = Debug|Any CPU
		{A8E2C93F-96E3-496B-BB73-599E16781B92}.Release|Any CPU.ActiveCfg = Release|Any CPU
		{A8E2C93F-96E3-496B-BB73-599E16781B92}.Release|Any CPU.Build.0 = Release|Any CPU
		{BB36BCBA-5406-47FB-BB31-CBB86F8303D8}.Debug|Any CPU.ActiveCfg = Debug|Any CPU
		{BB36BCBA-5406-47FB-BB31-CBB86F8303D8}.Debug|Any CPU.Build.0 = Debug|Any CPU
		{BB36BCBA-5406-47FB-BB31-CBB86F8303D8}.Release|Any CPU.ActiveCfg = Release|Any CPU
		{BB36BCBA-5406-47FB-BB31-CBB86F8303D8}.Release|Any CPU.Build.0 = Release|Any CPU
		{C149C138-81A4-48DB-88AD-94B0A2483DE4}.Debug|Any CPU.ActiveCfg = Debug|Any CPU
		{C149C138-81A4-48DB-88AD-94B0A2483DE4}.Debug|Any CPU.Build.0 = Debug|Any CPU
		{C149C138-81A4-48DB-88AD-94B0A2483DE4}.Release|Any CPU.ActiveCfg = Release|Any CPU
		{C149C138-81A4-48DB-88AD-94B0A2483DE4}.Release|Any CPU.Build.0 = Release|Any CPU
	EndGlobalSection
	GlobalSection(SolutionProperties) = preSolution
		HideSolutionNode = FALSE
	EndGlobalSection
	GlobalSection(ExtensibilityGlobals) = postSolution
		SolutionGuid = {8170DC2C-EE04-4DE4-9321-EDBD36115194}
	EndGlobalSection
EndGlobal
